
Microsoft Visual Studio Solution File, Format Version 12.00
# Visual Studio Version 17
VisualStudioVersion = 17.0.31903.59
MinimumVisualStudioVersion = 10.0.40219.1
Project("{FAE04EC0-301F-11D3-BF4B-00C04F79EFBC}") = "Choir", "Choir\Choir.csproj", "{2630AB45-EE27-47C2-A4A4-7B98FC100FCC}"
EndProject
Project("{FAE04EC0-301F-11D3-BF4B-00C04F79EFBC}") = "Choir.Tests", "Choir.Tests\Choir.Tests.csproj", "{96F971D6-5965-40B3-8381-3CCA16F661D5}"
EndProject
Global
	GlobalSection(SolutionConfigurationPlatforms) = preSolution
		Debug|Any CPU = Debug|Any CPU
		Debug|x64 = Debug|x64
		Debug|x86 = Debug|x86
		Release|Any CPU = Release|Any CPU
		Release|x64 = Release|x64
		Release|x86 = Release|x86
	EndGlobalSection
	GlobalSection(ProjectConfigurationPlatforms) = postSolution
		{2630AB45-EE27-47C2-A4A4-7B98FC100FCC}.Debug|Any CPU.ActiveCfg = Debug|Any CPU
		{2630AB45-EE27-47C2-A4A4-7B98FC100FCC}.Debug|Any CPU.Build.0 = Debug|Any CPU
		{2630AB45-EE27-47C2-A4A4-7B98FC100FCC}.Debug|x64.ActiveCfg = Debug|Any CPU
		{2630AB45-EE27-47C2-A4A4-7B98FC100FCC}.Debug|x64.Build.0 = Debug|Any CPU
		{2630AB45-EE27-47C2-A4A4-7B98FC100FCC}.Debug|x86.ActiveCfg = Debug|Any CPU
		{2630AB45-EE27-47C2-A4A4-7B98FC100FCC}.Debug|x86.Build.0 = Debug|Any CPU
		{2630AB45-EE27-47C2-A4A4-7B98FC100FCC}.Release|Any CPU.ActiveCfg = Release|Any CPU
		{2630AB45-EE27-47C2-A4A4-7B98FC100FCC}.Release|Any CPU.Build.0 = Release|Any CPU
		{2630AB45-EE27-47C2-A4A4-7B98FC100FCC}.Release|x64.ActiveCfg = Release|Any CPU
		{2630AB45-EE27-47C2-A4A4-7B98FC100FCC}.Release|x64.Build.0 = Release|Any CPU
		{2630AB45-EE27-47C2-A4A4-7B98FC100FCC}.Release|x86.ActiveCfg = Release|Any CPU
		{2630AB45-EE27-47C2-A4A4-7B98FC100FCC}.Release|x86.Build.0 = Release|Any CPU
		{96F971D6-5965-40B3-8381-3CCA16F661D5}.Debug|Any CPU.ActiveCfg = Debug|Any CPU
		{96F971D6-5965-40B3-8381-3CCA16F661D5}.Debug|Any CPU.Build.0 = Debug|Any CPU
		{96F971D6-5965-40B3-8381-3CCA16F661D5}.Debug|x64.ActiveCfg = Debug|Any CPU
		{96F971D6-5965-40B3-8381-3CCA16F661D5}.Debug|x64.Build.0 = Debug|Any CPU
		{96F971D6-5965-40B3-8381-3CCA16F661D5}.Debug|x86.ActiveCfg = Debug|Any CPU
		{96F971D6-5965-40B3-8381-3CCA16F661D5}.Debug|x86.Build.0 = Debug|Any CPU
		{96F971D6-5965-40B3-8381-3CCA16F661D5}.Release|Any CPU.ActiveCfg = Release|Any CPU
		{96F971D6-5965-40B3-8381-3CCA16F661D5}.Release|Any CPU.Build.0 = Release|Any CPU
		{96F971D6-5965-40B3-8381-3CCA16F661D5}.Release|x64.ActiveCfg = Release|Any CPU
		{96F971D6-5965-40B3-8381-3CCA16F661D5}.Release|x64.Build.0 = Release|Any CPU
		{96F971D6-5965-40B3-8381-3CCA16F661D5}.Release|x86.ActiveCfg = Release|Any CPU
		{96F971D6-5965-40B3-8381-3CCA16F661D5}.Release|x86.Build.0 = Release|Any CPU
	EndGlobalSection
	GlobalSection(SolutionProperties) = preSolution
		HideSolutionNode = FALSE
	EndGlobalSection
EndGlobal
